// !$*UTF8*$!
{
	archiveVersion = 1;
	classes = {
	};
	objectVersion = 45;
	objects = {

/* Begin PBXBuildFile section */
		49626B7913942A7E0093534C /* ApptentiveConnect.framework in Frameworks */ = {isa = PBXBuildFile; fileRef = 8DC2EF5B0486A6940098B216 /* ApptentiveConnect.framework */; };
		49626B7E13942A9A0093534C /* ATSampleTest.m in Sources */ = {isa = PBXBuildFile; fileRef = 49626B7D13942A9A0093534C /* ATSampleTest.m */; };
		49626C36139437070093534C /* ATAPIRequest.h in Headers */ = {isa = PBXBuildFile; fileRef = 49626C2B139437070093534C /* ATAPIRequest.h */; };
		49626C37139437070093534C /* ATAPIRequest.m in Sources */ = {isa = PBXBuildFile; fileRef = 49626C2C139437070093534C /* ATAPIRequest.m */; };
		49626C38139437070093534C /* ATConnectionChannel.h in Headers */ = {isa = PBXBuildFile; fileRef = 49626C2D139437070093534C /* ATConnectionChannel.h */; };
		49626C39139437070093534C /* ATConnectionChannel.m in Sources */ = {isa = PBXBuildFile; fileRef = 49626C2E139437070093534C /* ATConnectionChannel.m */; };
		49626C3A139437070093534C /* ATConnectionManager.h in Headers */ = {isa = PBXBuildFile; fileRef = 49626C2F139437070093534C /* ATConnectionManager.h */; };
		49626C3B139437070093534C /* ATConnectionManager.m in Sources */ = {isa = PBXBuildFile; fileRef = 49626C30139437070093534C /* ATConnectionManager.m */; };
		49626C3C139437070093534C /* ATURLConnection.h in Headers */ = {isa = PBXBuildFile; fileRef = 49626C31139437070093534C /* ATURLConnection.h */; };
		49626C3D139437070093534C /* ATURLConnection.m in Sources */ = {isa = PBXBuildFile; fileRef = 49626C32139437070093534C /* ATURLConnection.m */; };
		49626C3E139437070093534C /* ATURLConnection_Private.h in Headers */ = {isa = PBXBuildFile; fileRef = 49626C33139437070093534C /* ATURLConnection_Private.h */; };
		49626C3F139437070093534C /* ATWebClient.h in Headers */ = {isa = PBXBuildFile; fileRef = 49626C34139437070093534C /* ATWebClient.h */; };
		49626C40139437070093534C /* ATWebClient.m in Sources */ = {isa = PBXBuildFile; fileRef = 49626C35139437070093534C /* ATWebClient.m */; };
		49626C46139437580093534C /* NSData+ATBase64.h in Headers */ = {isa = PBXBuildFile; fileRef = 49626C44139437580093534C /* NSData+ATBase64.h */; };
		49626C47139437580093534C /* NSData+ATBase64.m in Sources */ = {isa = PBXBuildFile; fileRef = 49626C45139437580093534C /* NSData+ATBase64.m */; };
		49626C58139437690093534C /* ATUtilities.h in Headers */ = {isa = PBXBuildFile; fileRef = 49626C56139437690093534C /* ATUtilities.h */; };
		49626C59139437690093534C /* ATUtilities.m in Sources */ = {isa = PBXBuildFile; fileRef = 49626C57139437690093534C /* ATUtilities.m */; };
		49626C67139437DD0093534C /* ATConnect.h in Headers */ = {isa = PBXBuildFile; fileRef = 49626C65139437DD0093534C /* ATConnect.h */; };
		49626C68139437DD0093534C /* ATConnect.m in Sources */ = {isa = PBXBuildFile; fileRef = 49626C66139437DD0093534C /* ATConnect.m */; };
		49626C7A139439050093534C /* ATBackend.h in Headers */ = {isa = PBXBuildFile; fileRef = 49626C72139439050093534C /* ATBackend.h */; };
		49626C7B139439050093534C /* ATBackend.m in Sources */ = {isa = PBXBuildFile; fileRef = 49626C73139439050093534C /* ATBackend.m */; };
		49626C7C139439050093534C /* ATContactStorage.h in Headers */ = {isa = PBXBuildFile; fileRef = 49626C74139439050093534C /* ATContactStorage.h */; };
		49626C7D139439050093534C /* ATContactStorage.m in Sources */ = {isa = PBXBuildFile; fileRef = 49626C75139439050093534C /* ATContactStorage.m */; };
		49626C7E139439050093534C /* ATContactUpdater.h in Headers */ = {isa = PBXBuildFile; fileRef = 49626C76139439050093534C /* ATContactUpdater.h */; };
		49626C7F139439050093534C /* ATContactUpdater.m in Sources */ = {isa = PBXBuildFile; fileRef = 49626C77139439050093534C /* ATContactUpdater.m */; };
		49626C80139439050093534C /* ATFeedback.h in Headers */ = {isa = PBXBuildFile; fileRef = 49626C78139439050093534C /* ATFeedback.h */; };
		49626C81139439050093534C /* ATFeedback.m in Sources */ = {isa = PBXBuildFile; fileRef = 49626C79139439050093534C /* ATFeedback.m */; };
		49626C9113943C310093534C /* ATReachability.h in Headers */ = {isa = PBXBuildFile; fileRef = 49626C8F13943C310093534C /* ATReachability.h */; };
		49626C9213943C310093534C /* ATReachability.m in Sources */ = {isa = PBXBuildFile; fileRef = 49626C9013943C310093534C /* ATReachability.m */; };
		49626C9613943C520093534C /* SystemConfiguration.framework in Frameworks */ = {isa = PBXBuildFile; fileRef = 49626C9513943C520093534C /* SystemConfiguration.framework */; };
		49626D19139444C20093534C /* ATFeedbackTask.h in Headers */ = {isa = PBXBuildFile; fileRef = 49626D13139444C20093534C /* ATFeedbackTask.h */; };
		49626D1A139444C20093534C /* ATFeedbackTask.m in Sources */ = {isa = PBXBuildFile; fileRef = 49626D14139444C20093534C /* ATFeedbackTask.m */; };
		49626D1B139444C20093534C /* ATTask.h in Headers */ = {isa = PBXBuildFile; fileRef = 49626D15139444C20093534C /* ATTask.h */; };
		49626D1C139444C20093534C /* ATTask.m in Sources */ = {isa = PBXBuildFile; fileRef = 49626D16139444C20093534C /* ATTask.m */; };
		49626D1D139444C20093534C /* ATTaskQueue.h in Headers */ = {isa = PBXBuildFile; fileRef = 49626D17139444C20093534C /* ATTaskQueue.h */; };
		49626D1E139444C20093534C /* ATTaskQueue.m in Sources */ = {isa = PBXBuildFile; fileRef = 49626D18139444C20093534C /* ATTaskQueue.m */; };
		8DC2EF530486A6940098B216 /* InfoPlist.strings in Resources */ = {isa = PBXBuildFile; fileRef = 089C1666FE841158C02AAC07 /* InfoPlist.strings */; };
		8DC2EF570486A6940098B216 /* Cocoa.framework in Frameworks */ = {isa = PBXBuildFile; fileRef = 1058C7B1FEA5585E11CA2CBB /* Cocoa.framework */; };
/* End PBXBuildFile section */

/* Begin PBXContainerItemProxy section */
		49626B7713942A760093534C /* PBXContainerItemProxy */ = {
			isa = PBXContainerItemProxy;
			containerPortal = 0867D690FE84028FC02AAC07 /* Project object */;
			proxyType = 1;
			remoteGlobalIDString = 8DC2EF4F0486A6940098B216;
			remoteInfo = ApptentiveConnect;
		};
/* End PBXContainerItemProxy section */

/* Begin PBXFileReference section */
		0867D69BFE84028FC02AAC07 /* Foundation.framework */ = {isa = PBXFileReference; lastKnownFileType = wrapper.framework; name = Foundation.framework; path = /System/Library/Frameworks/Foundation.framework; sourceTree = "<absolute>"; };
		0867D6A5FE840307C02AAC07 /* AppKit.framework */ = {isa = PBXFileReference; lastKnownFileType = wrapper.framework; name = AppKit.framework; path = /System/Library/Frameworks/AppKit.framework; sourceTree = "<absolute>"; };
		089C1667FE841158C02AAC07 /* InfoPlist.strings */ = {isa = PBXFileReference; fileEncoding = 4; lastKnownFileType = text.plist.strings; name = InfoPlist.strings; path = resources/English.lproj/InfoPlist.strings; sourceTree = "<group>"; };
		1058C7B1FEA5585E11CA2CBB /* Cocoa.framework */ = {isa = PBXFileReference; lastKnownFileType = wrapper.framework; name = Cocoa.framework; path = /System/Library/Frameworks/Cocoa.framework; sourceTree = "<absolute>"; };
		32DBCF5E0370ADEE00C91783 /* ApptentiveConnect_Prefix.pch */ = {isa = PBXFileReference; fileEncoding = 4; lastKnownFileType = sourcecode.c.h; name = ApptentiveConnect_Prefix.pch; path = source/ApptentiveConnect_Prefix.pch; sourceTree = "<group>"; };
		49626B6D13942A2B0093534C /* ApptentiveUnitTests.octest */ = {isa = PBXFileReference; explicitFileType = wrapper.cfbundle; includeInIndex = 0; path = ApptentiveUnitTests.octest; sourceTree = BUILT_PRODUCTS_DIR; };
		49626B6E13942A2B0093534C /* ApptentiveUnitTests-Info.plist */ = {isa = PBXFileReference; lastKnownFileType = text.plist.xml; name = "ApptentiveUnitTests-Info.plist"; path = "tests/ApptentiveUnitTests-Info.plist"; sourceTree = "<group>"; };
		49626B7C13942A9A0093534C /* ATSampleTest.h */ = {isa = PBXFileReference; fileEncoding = 4; lastKnownFileType = sourcecode.c.h; name = ATSampleTest.h; path = tests/ATSampleTest.h; sourceTree = "<group>"; };
		49626B7D13942A9A0093534C /* ATSampleTest.m */ = {isa = PBXFileReference; fileEncoding = 4; lastKnownFileType = sourcecode.c.objc; name = ATSampleTest.m; path = tests/ATSampleTest.m; sourceTree = "<group>"; };
		49626C2B139437070093534C /* ATAPIRequest.h */ = {isa = PBXFileReference; fileEncoding = 4; lastKnownFileType = sourcecode.c.h; path = ATAPIRequest.h; sourceTree = "<group>"; };
		49626C2C139437070093534C /* ATAPIRequest.m */ = {isa = PBXFileReference; fileEncoding = 4; lastKnownFileType = sourcecode.c.objc; path = ATAPIRequest.m; sourceTree = "<group>"; };
		49626C2D139437070093534C /* ATConnectionChannel.h */ = {isa = PBXFileReference; fileEncoding = 4; lastKnownFileType = sourcecode.c.h; path = ATConnectionChannel.h; sourceTree = "<group>"; };
		49626C2E139437070093534C /* ATConnectionChannel.m */ = {isa = PBXFileReference; fileEncoding = 4; lastKnownFileType = sourcecode.c.objc; path = ATConnectionChannel.m; sourceTree = "<group>"; };
		49626C2F139437070093534C /* ATConnectionManager.h */ = {isa = PBXFileReference; fileEncoding = 4; lastKnownFileType = sourcecode.c.h; path = ATConnectionManager.h; sourceTree = "<group>"; };
		49626C30139437070093534C /* ATConnectionManager.m */ = {isa = PBXFileReference; fileEncoding = 4; lastKnownFileType = sourcecode.c.objc; path = ATConnectionManager.m; sourceTree = "<group>"; };
		49626C31139437070093534C /* ATURLConnection.h */ = {isa = PBXFileReference; fileEncoding = 4; lastKnownFileType = sourcecode.c.h; path = ATURLConnection.h; sourceTree = "<group>"; };
		49626C32139437070093534C /* ATURLConnection.m */ = {isa = PBXFileReference; fileEncoding = 4; lastKnownFileType = sourcecode.c.objc; path = ATURLConnection.m; sourceTree = "<group>"; };
		49626C33139437070093534C /* ATURLConnection_Private.h */ = {isa = PBXFileReference; fileEncoding = 4; lastKnownFileType = sourcecode.c.h; path = ATURLConnection_Private.h; sourceTree = "<group>"; };
		49626C34139437070093534C /* ATWebClient.h */ = {isa = PBXFileReference; fileEncoding = 4; lastKnownFileType = sourcecode.c.h; path = ATWebClient.h; sourceTree = "<group>"; };
		49626C35139437070093534C /* ATWebClient.m */ = {isa = PBXFileReference; fileEncoding = 4; lastKnownFileType = sourcecode.c.objc; path = ATWebClient.m; sourceTree = "<group>"; };
		49626C44139437580093534C /* NSData+ATBase64.h */ = {isa = PBXFileReference; fileEncoding = 4; lastKnownFileType = sourcecode.c.h; path = "NSData+ATBase64.h"; sourceTree = "<group>"; };
		49626C45139437580093534C /* NSData+ATBase64.m */ = {isa = PBXFileReference; fileEncoding = 4; lastKnownFileType = sourcecode.c.objc; path = "NSData+ATBase64.m"; sourceTree = "<group>"; };
		49626C56139437690093534C /* ATUtilities.h */ = {isa = PBXFileReference; fileEncoding = 4; lastKnownFileType = sourcecode.c.h; path = ATUtilities.h; sourceTree = "<group>"; };
		49626C57139437690093534C /* ATUtilities.m */ = {isa = PBXFileReference; fileEncoding = 4; lastKnownFileType = sourcecode.c.objc; path = ATUtilities.m; sourceTree = "<group>"; };
		49626C65139437DD0093534C /* ATConnect.h */ = {isa = PBXFileReference; fileEncoding = 4; lastKnownFileType = sourcecode.c.h; name = ATConnect.h; path = "../apptentive-ios/ApptentiveConnect/source/ATConnect.h"; sourceTree = SOURCE_ROOT; };
		49626C66139437DD0093534C /* ATConnect.m */ = {isa = PBXFileReference; fileEncoding = 4; lastKnownFileType = sourcecode.c.objc; name = ATConnect.m; path = "../apptentive-ios/ApptentiveConnect/source/ATConnect.m"; sourceTree = SOURCE_ROOT; };
		49626C72139439050093534C /* ATBackend.h */ = {isa = PBXFileReference; fileEncoding = 4; lastKnownFileType = sourcecode.c.h; path = ATBackend.h; sourceTree = "<group>"; };
		49626C73139439050093534C /* ATBackend.m */ = {isa = PBXFileReference; fileEncoding = 4; lastKnownFileType = sourcecode.c.objc; path = ATBackend.m; sourceTree = "<group>"; };
		49626C74139439050093534C /* ATContactStorage.h */ = {isa = PBXFileReference; fileEncoding = 4; lastKnownFileType = sourcecode.c.h; path = ATContactStorage.h; sourceTree = "<group>"; };
		49626C75139439050093534C /* ATContactStorage.m */ = {isa = PBXFileReference; fileEncoding = 4; lastKnownFileType = sourcecode.c.objc; path = ATContactStorage.m; sourceTree = "<group>"; };
		49626C76139439050093534C /* ATContactUpdater.h */ = {isa = PBXFileReference; fileEncoding = 4; lastKnownFileType = sourcecode.c.h; path = ATContactUpdater.h; sourceTree = "<group>"; };
		49626C77139439050093534C /* ATContactUpdater.m */ = {isa = PBXFileReference; fileEncoding = 4; lastKnownFileType = sourcecode.c.objc; path = ATContactUpdater.m; sourceTree = "<group>"; };
		49626C78139439050093534C /* ATFeedback.h */ = {isa = PBXFileReference; fileEncoding = 4; lastKnownFileType = sourcecode.c.h; path = ATFeedback.h; sourceTree = "<group>"; };
		49626C79139439050093534C /* ATFeedback.m */ = {isa = PBXFileReference; fileEncoding = 4; lastKnownFileType = sourcecode.c.objc; path = ATFeedback.m; sourceTree = "<group>"; };
		49626C8F13943C310093534C /* ATReachability.h */ = {isa = PBXFileReference; fileEncoding = 4; lastKnownFileType = sourcecode.c.h; path = ATReachability.h; sourceTree = "<group>"; };
		49626C9013943C310093534C /* ATReachability.m */ = {isa = PBXFileReference; fileEncoding = 4; lastKnownFileType = sourcecode.c.objc; path = ATReachability.m; sourceTree = "<group>"; };
		49626C9513943C520093534C /* SystemConfiguration.framework */ = {isa = PBXFileReference; lastKnownFileType = wrapper.framework; name = SystemConfiguration.framework; path = System/Library/Frameworks/SystemConfiguration.framework; sourceTree = SDKROOT; };
		49626D13139444C20093534C /* ATFeedbackTask.h */ = {isa = PBXFileReference; fileEncoding = 4; lastKnownFileType = sourcecode.c.h; path = ATFeedbackTask.h; sourceTree = "<group>"; };
		49626D14139444C20093534C /* ATFeedbackTask.m */ = {isa = PBXFileReference; fileEncoding = 4; lastKnownFileType = sourcecode.c.objc; path = ATFeedbackTask.m; sourceTree = "<group>"; };
		49626D15139444C20093534C /* ATTask.h */ = {isa = PBXFileReference; fileEncoding = 4; lastKnownFileType = sourcecode.c.h; path = ATTask.h; sourceTree = "<group>"; };
		49626D16139444C20093534C /* ATTask.m */ = {isa = PBXFileReference; fileEncoding = 4; lastKnownFileType = sourcecode.c.objc; path = ATTask.m; sourceTree = "<group>"; };
		49626D17139444C20093534C /* ATTaskQueue.h */ = {isa = PBXFileReference; fileEncoding = 4; lastKnownFileType = sourcecode.c.h; path = ATTaskQueue.h; sourceTree = "<group>"; };
		49626D18139444C20093534C /* ATTaskQueue.m */ = {isa = PBXFileReference; fileEncoding = 4; lastKnownFileType = sourcecode.c.objc; path = ATTaskQueue.m; sourceTree = "<group>"; };
		8DC2EF5A0486A6940098B216 /* Info.plist */ = {isa = PBXFileReference; fileEncoding = 4; lastKnownFileType = text.plist.xml; name = Info.plist; path = resources/Info.plist; sourceTree = "<group>"; };
		8DC2EF5B0486A6940098B216 /* ApptentiveConnect.framework */ = {isa = PBXFileReference; explicitFileType = wrapper.framework; includeInIndex = 0; path = ApptentiveConnect.framework; sourceTree = BUILT_PRODUCTS_DIR; };
		D2F7E79907B2D74100F64583 /* CoreData.framework */ = {isa = PBXFileReference; lastKnownFileType = wrapper.framework; name = CoreData.framework; path = /System/Library/Frameworks/CoreData.framework; sourceTree = "<absolute>"; };
/* End PBXFileReference section */

/* Begin PBXFrameworksBuildPhase section */
		49626B6A13942A2B0093534C /* Frameworks */ = {
			isa = PBXFrameworksBuildPhase;
			buildActionMask = 2147483647;
			files = (
				49626B7913942A7E0093534C /* ApptentiveConnect.framework in Frameworks */,
			);
			runOnlyForDeploymentPostprocessing = 0;
		};
		8DC2EF560486A6940098B216 /* Frameworks */ = {
			isa = PBXFrameworksBuildPhase;
			buildActionMask = 2147483647;
			files = (
				8DC2EF570486A6940098B216 /* Cocoa.framework in Frameworks */,
				49626C9613943C520093534C /* SystemConfiguration.framework in Frameworks */,
			);
			runOnlyForDeploymentPostprocessing = 0;
		};
/* End PBXFrameworksBuildPhase section */

/* Begin PBXGroup section */
		034768DFFF38A50411DB9C8B /* Products */ = {
			isa = PBXGroup;
			children = (
				8DC2EF5B0486A6940098B216 /* ApptentiveConnect.framework */,
				49626B6D13942A2B0093534C /* ApptentiveUnitTests.octest */,
			);
			name = Products;
			sourceTree = "<group>";
		};
		0867D691FE84028FC02AAC07 /* ApptentiveConnect */ = {
			isa = PBXGroup;
			children = (
				49626BF5139436580093534C /* ext */,
				49626B7313942A4D0093534C /* source */,
				49626B7413942A560093534C /* resources */,
				49626B7613942A630093534C /* tests */,
				0867D69AFE84028FC02AAC07 /* External Frameworks and Libraries */,
				034768DFFF38A50411DB9C8B /* Products */,
			);
			name = ApptentiveConnect;
			sourceTree = "<group>";
		};
		0867D69AFE84028FC02AAC07 /* External Frameworks and Libraries */ = {
			isa = PBXGroup;
			children = (
				1058C7B0FEA5585E11CA2CBB /* Linked Frameworks */,
				1058C7B2FEA5585E11CA2CBB /* Other Frameworks */,
			);
			name = "External Frameworks and Libraries";
			sourceTree = "<group>";
		};
		1058C7B0FEA5585E11CA2CBB /* Linked Frameworks */ = {
			isa = PBXGroup;
			children = (
				1058C7B1FEA5585E11CA2CBB /* Cocoa.framework */,
				49626C9513943C520093534C /* SystemConfiguration.framework */,
			);
			name = "Linked Frameworks";
			sourceTree = "<group>";
		};
		1058C7B2FEA5585E11CA2CBB /* Other Frameworks */ = {
			isa = PBXGroup;
			children = (
				0867D6A5FE840307C02AAC07 /* AppKit.framework */,
				D2F7E79907B2D74100F64583 /* CoreData.framework */,
				0867D69BFE84028FC02AAC07 /* Foundation.framework */,
			);
			name = "Other Frameworks";
			sourceTree = "<group>";
		};
		49626B7313942A4D0093534C /* source */ = {
			isa = PBXGroup;
			children = (
				32DBCF5E0370ADEE00C91783 /* ApptentiveConnect_Prefix.pch */,
			);
			name = source;
			sourceTree = "<group>";
		};
		49626B7413942A560093534C /* resources */ = {
			isa = PBXGroup;
			children = (
				8DC2EF5A0486A6940098B216 /* Info.plist */,
				089C1666FE841158C02AAC07 /* InfoPlist.strings */,
			);
			name = resources;
			sourceTree = "<group>";
		};
		49626B7613942A630093534C /* tests */ = {
			isa = PBXGroup;
			children = (
				49626B6E13942A2B0093534C /* ApptentiveUnitTests-Info.plist */,
				49626B7C13942A9A0093534C /* ATSampleTest.h */,
				49626B7D13942A9A0093534C /* ATSampleTest.m */,
			);
			name = tests;
			sourceTree = "<group>";
		};
		49626BF5139436580093534C /* ext */ = {
			isa = PBXGroup;
			children = (
				49626BF6139436600093534C /* apptentive-ios */,
			);
			name = ext;
			sourceTree = "<group>";
		};
		49626BF6139436600093534C /* apptentive-ios */ = {
			isa = PBXGroup;
			children = (
				49626C43139437580093534C /* ext */,
				49626BFB1394367B0093534C /* source */,
			);
			name = "apptentive-ios";
			sourceTree = "<group>";
		};
		49626BFB1394367B0093534C /* source */ = {
			isa = PBXGroup;
			children = (
				49626C65139437DD0093534C /* ATConnect.h */,
				49626C66139437DD0093534C /* ATConnect.m */,
				49626C55139437690093534C /* Misc */,
				49626C71139439050093534C /* Persistence */,
				49626C8E13943C310093534C /* Reachability */,
				49626D12139444C20093534C /* Tasks */,
				49626C2A139437070093534C /* URL Loading */,
			);
			name = source;
			sourceTree = "<group>";
		};
		49626C2A139437070093534C /* URL Loading */ = {
			isa = PBXGroup;
			children = (
				49626C2B139437070093534C /* ATAPIRequest.h */,
				49626C2C139437070093534C /* ATAPIRequest.m */,
				49626C2D139437070093534C /* ATConnectionChannel.h */,
				49626C2E139437070093534C /* ATConnectionChannel.m */,
				49626C2F139437070093534C /* ATConnectionManager.h */,
				49626C30139437070093534C /* ATConnectionManager.m */,
				49626C31139437070093534C /* ATURLConnection.h */,
				49626C32139437070093534C /* ATURLConnection.m */,
				49626C33139437070093534C /* ATURLConnection_Private.h */,
				49626C34139437070093534C /* ATWebClient.h */,
				49626C35139437070093534C /* ATWebClient.m */,
			);
			name = "URL Loading";
			path = "../apptentive-ios/ApptentiveConnect/source/URL Loading";
			sourceTree = SOURCE_ROOT;
		};
		49626C43139437580093534C /* ext */ = {
			isa = PBXGroup;
			children = (
				49626C44139437580093534C /* NSData+ATBase64.h */,
				49626C45139437580093534C /* NSData+ATBase64.m */,
			);
			name = ext;
			path = "../apptentive-ios/ApptentiveConnect/ext";
			sourceTree = SOURCE_ROOT;
		};
		49626C55139437690093534C /* Misc */ = {
			isa = PBXGroup;
			children = (
				49626C56139437690093534C /* ATUtilities.h */,
				49626C57139437690093534C /* ATUtilities.m */,
			);
			name = Misc;
			path = "../apptentive-ios/ApptentiveConnect/source/Misc";
			sourceTree = SOURCE_ROOT;
		};
		49626C71139439050093534C /* Persistence */ = {
			isa = PBXGroup;
			children = (
				49626C72139439050093534C /* ATBackend.h */,
				49626C73139439050093534C /* ATBackend.m */,
				49626C74139439050093534C /* ATContactStorage.h */,
				49626C75139439050093534C /* ATContactStorage.m */,
				49626C76139439050093534C /* ATContactUpdater.h */,
				49626C77139439050093534C /* ATContactUpdater.m */,
				49626C78139439050093534C /* ATFeedback.h */,
				49626C79139439050093534C /* ATFeedback.m */,
			);
			name = Persistence;
			path = "../apptentive-ios/ApptentiveConnect/source/Persistence";
			sourceTree = SOURCE_ROOT;
		};
		49626C8E13943C310093534C /* Reachability */ = {
			isa = PBXGroup;
			children = (
				49626C8F13943C310093534C /* ATReachability.h */,
				49626C9013943C310093534C /* ATReachability.m */,
			);
			name = Reachability;
			path = "../apptentive-ios/ApptentiveConnect/source/Reachability";
			sourceTree = SOURCE_ROOT;
		};
		49626D12139444C20093534C /* Tasks */ = {
			isa = PBXGroup;
			children = (
				49626D13139444C20093534C /* ATFeedbackTask.h */,
				49626D14139444C20093534C /* ATFeedbackTask.m */,
				49626D15139444C20093534C /* ATTask.h */,
				49626D16139444C20093534C /* ATTask.m */,
				49626D17139444C20093534C /* ATTaskQueue.h */,
				49626D18139444C20093534C /* ATTaskQueue.m */,
			);
			name = Tasks;
			path = "../apptentive-ios/ApptentiveConnect/source/Tasks";
			sourceTree = SOURCE_ROOT;
		};
/* End PBXGroup section */

/* Begin PBXHeadersBuildPhase section */
		8DC2EF500486A6940098B216 /* Headers */ = {
			isa = PBXHeadersBuildPhase;
			buildActionMask = 2147483647;
			files = (
				49626C36139437070093534C /* ATAPIRequest.h in Headers */,
				49626C38139437070093534C /* ATConnectionChannel.h in Headers */,
				49626C3A139437070093534C /* ATConnectionManager.h in Headers */,
				49626C3C139437070093534C /* ATURLConnection.h in Headers */,
				49626C3E139437070093534C /* ATURLConnection_Private.h in Headers */,
				49626C3F139437070093534C /* ATWebClient.h in Headers */,
				49626C46139437580093534C /* NSData+ATBase64.h in Headers */,
				49626C58139437690093534C /* ATUtilities.h in Headers */,
				49626C67139437DD0093534C /* ATConnect.h in Headers */,
				49626C7A139439050093534C /* ATBackend.h in Headers */,
				49626C7C139439050093534C /* ATContactStorage.h in Headers */,
				49626C7E139439050093534C /* ATContactUpdater.h in Headers */,
				49626C80139439050093534C /* ATFeedback.h in Headers */,
				49626C9113943C310093534C /* ATReachability.h in Headers */,
				49626D19139444C20093534C /* ATFeedbackTask.h in Headers */,
				49626D1B139444C20093534C /* ATTask.h in Headers */,
				49626D1D139444C20093534C /* ATTaskQueue.h in Headers */,
			);
			runOnlyForDeploymentPostprocessing = 0;
		};
/* End PBXHeadersBuildPhase section */

/* Begin PBXNativeTarget section */
		49626B6C13942A2B0093534C /* ApptentiveUnitTests */ = {
			isa = PBXNativeTarget;
			buildConfigurationList = 49626B7213942A2B0093534C /* Build configuration list for PBXNativeTarget "ApptentiveUnitTests" */;
			buildPhases = (
				49626B6813942A2B0093534C /* Resources */,
				49626B6913942A2B0093534C /* Sources */,
				49626B6A13942A2B0093534C /* Frameworks */,
				49626B6B13942A2B0093534C /* ShellScript */,
			);
			buildRules = (
			);
			dependencies = (
				49626B7813942A760093534C /* PBXTargetDependency */,
			);
			name = ApptentiveUnitTests;
			productName = ApptentiveUnitTests;
			productReference = 49626B6D13942A2B0093534C /* ApptentiveUnitTests.octest */;
			productType = "com.apple.product-type.bundle";
		};
		8DC2EF4F0486A6940098B216 /* ApptentiveConnect */ = {
			isa = PBXNativeTarget;
			buildConfigurationList = 1DEB91AD08733DA50010E9CD /* Build configuration list for PBXNativeTarget "ApptentiveConnect" */;
			buildPhases = (
				8DC2EF500486A6940098B216 /* Headers */,
				8DC2EF520486A6940098B216 /* Resources */,
				8DC2EF540486A6940098B216 /* Sources */,
				8DC2EF560486A6940098B216 /* Frameworks */,
			);
			buildRules = (
			);
			dependencies = (
			);
			name = ApptentiveConnect;
			productInstallPath = "$(HOME)/Library/Frameworks";
			productName = ApptentiveConnect;
			productReference = 8DC2EF5B0486A6940098B216 /* ApptentiveConnect.framework */;
			productType = "com.apple.product-type.framework";
		};
/* End PBXNativeTarget section */

/* Begin PBXProject section */
		0867D690FE84028FC02AAC07 /* Project object */ = {
			isa = PBXProject;
			attributes = {
				ORGANIZATIONNAME = "Apptentive, Inc.";
			};
			buildConfigurationList = 1DEB91B108733DA50010E9CD /* Build configuration list for PBXProject "ApptentiveConnect" */;
			compatibilityVersion = "Xcode 3.1";
			developmentRegion = English;
			hasScannedForEncodings = 1;
			knownRegions = (
				English,
				Japanese,
				French,
				German,
			);
			mainGroup = 0867D691FE84028FC02AAC07 /* ApptentiveConnect */;
			productRefGroup = 034768DFFF38A50411DB9C8B /* Products */;
			projectDirPath = "";
			projectRoot = "";
			targets = (
				8DC2EF4F0486A6940098B216 /* ApptentiveConnect */,
				49626B6C13942A2B0093534C /* ApptentiveUnitTests */,
			);
		};
/* End PBXProject section */

/* Begin PBXResourcesBuildPhase section */
		49626B6813942A2B0093534C /* Resources */ = {
			isa = PBXResourcesBuildPhase;
			buildActionMask = 2147483647;
			files = (
			);
			runOnlyForDeploymentPostprocessing = 0;
		};
		8DC2EF520486A6940098B216 /* Resources */ = {
			isa = PBXResourcesBuildPhase;
			buildActionMask = 2147483647;
			files = (
				8DC2EF530486A6940098B216 /* InfoPlist.strings in Resources */,
			);
			runOnlyForDeploymentPostprocessing = 0;
		};
/* End PBXResourcesBuildPhase section */

/* Begin PBXShellScriptBuildPhase section */
		49626B6B13942A2B0093534C /* ShellScript */ = {
			isa = PBXShellScriptBuildPhase;
			buildActionMask = 2147483647;
			files = (
			);
			inputPaths = (
			);
			outputPaths = (
			);
			runOnlyForDeploymentPostprocessing = 0;
			shellPath = /bin/sh;
			shellScript = "# Run the unit tests in this test bundle.\n\"${SYSTEM_DEVELOPER_DIR}/Tools/RunUnitTests\"\n";
		};
/* End PBXShellScriptBuildPhase section */

/* Begin PBXSourcesBuildPhase section */
		49626B6913942A2B0093534C /* Sources */ = {
			isa = PBXSourcesBuildPhase;
			buildActionMask = 2147483647;
			files = (
				49626B7E13942A9A0093534C /* ATSampleTest.m in Sources */,
			);
			runOnlyForDeploymentPostprocessing = 0;
		};
		8DC2EF540486A6940098B216 /* Sources */ = {
			isa = PBXSourcesBuildPhase;
			buildActionMask = 2147483647;
			files = (
				49626C37139437070093534C /* ATAPIRequest.m in Sources */,
				49626C39139437070093534C /* ATConnectionChannel.m in Sources */,
				49626C3B139437070093534C /* ATConnectionManager.m in Sources */,
				49626C3D139437070093534C /* ATURLConnection.m in Sources */,
				49626C40139437070093534C /* ATWebClient.m in Sources */,
				49626C47139437580093534C /* NSData+ATBase64.m in Sources */,
				49626C59139437690093534C /* ATUtilities.m in Sources */,
				49626C68139437DD0093534C /* ATConnect.m in Sources */,
				49626C7B139439050093534C /* ATBackend.m in Sources */,
				49626C7D139439050093534C /* ATContactStorage.m in Sources */,
				49626C7F139439050093534C /* ATContactUpdater.m in Sources */,
				49626C81139439050093534C /* ATFeedback.m in Sources */,
				49626C9213943C310093534C /* ATReachability.m in Sources */,
				49626D1A139444C20093534C /* ATFeedbackTask.m in Sources */,
				49626D1C139444C20093534C /* ATTask.m in Sources */,
				49626D1E139444C20093534C /* ATTaskQueue.m in Sources */,
			);
			runOnlyForDeploymentPostprocessing = 0;
		};
/* End PBXSourcesBuildPhase section */

/* Begin PBXTargetDependency section */
		49626B7813942A760093534C /* PBXTargetDependency */ = {
			isa = PBXTargetDependency;
			target = 8DC2EF4F0486A6940098B216 /* ApptentiveConnect */;
			targetProxy = 49626B7713942A760093534C /* PBXContainerItemProxy */;
		};
/* End PBXTargetDependency section */

/* Begin PBXVariantGroup section */
		089C1666FE841158C02AAC07 /* InfoPlist.strings */ = {
			isa = PBXVariantGroup;
			children = (
				089C1667FE841158C02AAC07 /* InfoPlist.strings */,
			);
			name = InfoPlist.strings;
			sourceTree = "<group>";
		};
/* End PBXVariantGroup section */

/* Begin XCBuildConfiguration section */
		1DEB91AE08733DA50010E9CD /* Debug */ = {
			isa = XCBuildConfiguration;
			buildSettings = {
				ALWAYS_SEARCH_USER_PATHS = NO;
				COPY_PHASE_STRIP = NO;
				DYLIB_COMPATIBILITY_VERSION = 1;
				DYLIB_CURRENT_VERSION = 1;
				FRAMEWORK_VERSION = A;
				GCC_DYNAMIC_NO_PIC = NO;
				GCC_ENABLE_FIX_AND_CONTINUE = YES;
				GCC_MODEL_TUNING = G5;
				GCC_OPTIMIZATION_LEVEL = 0;
				GCC_PRECOMPILE_PREFIX_HEADER = YES;
				GCC_PREFIX_HEADER = source/ApptentiveConnect_Prefix.pch;
				INFOPLIST_FILE = resources/Info.plist;
				INSTALL_PATH = "$(HOME)/Library/Frameworks";
				PRODUCT_NAME = ApptentiveConnect;
				WRAPPER_EXTENSION = framework;
			};
			name = Debug;
		};
		1DEB91AF08733DA50010E9CD /* Release */ = {
			isa = XCBuildConfiguration;
			buildSettings = {
				ALWAYS_SEARCH_USER_PATHS = NO;
				DEBUG_INFORMATION_FORMAT = "dwarf-with-dsym";
				DYLIB_COMPATIBILITY_VERSION = 1;
				DYLIB_CURRENT_VERSION = 1;
				FRAMEWORK_VERSION = A;
				GCC_MODEL_TUNING = G5;
				GCC_PRECOMPILE_PREFIX_HEADER = YES;
				GCC_PREFIX_HEADER = source/ApptentiveConnect_Prefix.pch;
				INFOPLIST_FILE = resources/Info.plist;
				INSTALL_PATH = "$(HOME)/Library/Frameworks";
				PRODUCT_NAME = ApptentiveConnect;
				WRAPPER_EXTENSION = framework;
			};
			name = Release;
		};
		1DEB91B208733DA50010E9CD /* Debug */ = {
			isa = XCBuildConfiguration;
			buildSettings = {
				ARCHS = "$(ARCHS_STANDARD_32_64_BIT)";
				GCC_C_LANGUAGE_STANDARD = gnu99;
				GCC_OPTIMIZATION_LEVEL = 0;
				GCC_WARN_ABOUT_RETURN_TYPE = YES;
				GCC_WARN_UNUSED_VARIABLE = YES;
				ONLY_ACTIVE_ARCH = YES;
				PREBINDING = NO;
				SDKROOT = macosx10.6;
			};
			name = Debug;
		};
		1DEB91B308733DA50010E9CD /* Release */ = {
			isa = XCBuildConfiguration;
			buildSettings = {
				ARCHS = "$(ARCHS_STANDARD_32_64_BIT)";
				GCC_C_LANGUAGE_STANDARD = gnu99;
				GCC_WARN_ABOUT_RETURN_TYPE = YES;
				GCC_WARN_UNUSED_VARIABLE = YES;
				PREBINDING = NO;
				SDKROOT = macosx10.6;
			};
			name = Release;
		};
		49626B7013942A2B0093534C /* Debug */ = {
			isa = XCBuildConfiguration;
			buildSettings = {
				ALWAYS_SEARCH_USER_PATHS = NO;
				COPY_PHASE_STRIP = NO;
				FRAMEWORK_SEARCH_PATHS = "$(DEVELOPER_LIBRARY_DIR)/Frameworks";
				GCC_DYNAMIC_NO_PIC = NO;
				GCC_ENABLE_FIX_AND_CONTINUE = NO;
				GCC_ENABLE_OBJC_EXCEPTIONS = YES;
				GCC_MODEL_TUNING = G5;
				GCC_OPTIMIZATION_LEVEL = 0;
				GCC_PRECOMPILE_PREFIX_HEADER = YES;
				GCC_PREFIX_HEADER = "$(SYSTEM_LIBRARY_DIR)/Frameworks/Cocoa.framework/Headers/Cocoa.h";
				INFOPLIST_FILE = "tests/ApptentiveUnitTests-Info.plist";
				INSTALL_PATH = "$(USER_LIBRARY_DIR)/Bundles";
				OTHER_LDFLAGS = (
					"-framework",
					Cocoa,
					"-framework",
					SenTestingKit,
				);
				PREBINDING = NO;
				PRODUCT_NAME = ApptentiveUnitTests;
				WRAPPER_EXTENSION = octest;
			};
			name = Debug;
		};
		49626B7113942A2B0093534C /* Release */ = {
			isa = XCBuildConfiguration;
			buildSettings = {
				ALWAYS_SEARCH_USER_PATHS = NO;
				COPY_PHASE_STRIP = YES;
				DEBUG_INFORMATION_FORMAT = "dwarf-with-dsym";
				FRAMEWORK_SEARCH_PATHS = "$(DEVELOPER_LIBRARY_DIR)/Frameworks";
				GCC_ENABLE_FIX_AND_CONTINUE = NO;
				GCC_ENABLE_OBJC_EXCEPTIONS = YES;
				GCC_MODEL_TUNING = G5;
				GCC_PRECOMPILE_PREFIX_HEADER = YES;
				GCC_PREFIX_HEADER = "$(SYSTEM_LIBRARY_DIR)/Frameworks/Cocoa.framework/Headers/Cocoa.h";
				INFOPLIST_FILE = "tests/ApptentiveUnitTests-Info.plist";
				INSTALL_PATH = "$(USER_LIBRARY_DIR)/Bundles";
				OTHER_LDFLAGS = (
					"-framework",
					Cocoa,
					"-framework",
					SenTestingKit,
				);
				PREBINDING = NO;
				PRODUCT_NAME = ApptentiveUnitTests;
				WRAPPER_EXTENSION = octest;
				ZERO_LINK = NO;
			};
			name = Release;
		};
/* End XCBuildConfiguration section */

/* Begin XCConfigurationList section */
		1DEB91AD08733DA50010E9CD /* Build configuration list for PBXNativeTarget "ApptentiveConnect" */ = {
			isa = XCConfigurationList;
			buildConfigurations = (
				1DEB91AE08733DA50010E9CD /* Debug */,
				1DEB91AF08733DA50010E9CD /* Release */,
			);
			defaultConfigurationIsVisible = 0;
			defaultConfigurationName = Release;
		};
		1DEB91B108733DA50010E9CD /* Build configuration list for PBXProject "ApptentiveConnect" */ = {
			isa = XCConfigurationList;
			buildConfigurations = (
				1DEB91B208733DA50010E9CD /* Debug */,
				1DEB91B308733DA50010E9CD /* Release */,
			);
			defaultConfigurationIsVisible = 0;
			defaultConfigurationName = Release;
		};
		49626B7213942A2B0093534C /* Build configuration list for PBXNativeTarget "ApptentiveUnitTests" */ = {
			isa = XCConfigurationList;
			buildConfigurations = (
				49626B7013942A2B0093534C /* Debug */,
				49626B7113942A2B0093534C /* Release */,
			);
			defaultConfigurationIsVisible = 0;
			defaultConfigurationName = Release;
		};
/* End XCConfigurationList section */
	};
	rootObject = 0867D690FE84028FC02AAC07 /* Project object */;
}
